
Microsoft Visual Studio Solution File, Format Version 12.00
# Visual Studio Version 16
VisualStudioVersion = 16.0.31105.61
MinimumVisualStudioVersion = 10.0.40219.1
Project("{FAE04EC0-301F-11D3-BF4B-00C04F79EFBC}") = "AutomationPracticeTestFramework", "AutomationPracticeTestFramework\AutomationPracticeTestFramework.csproj", "{A7C99EFE-00B9-49A1-850D-F359F4BC5DD5}"
EndProject
Global
	GlobalSection(SolutionConfigurationPlatforms) = preSolution
		Debug|Any CPU = Debug|Any CPU
		Release|Any CPU = Release|Any CPU
	EndGlobalSection
	GlobalSection(ProjectConfigurationPlatforms) = postSolution
		{A7C99EFE-00B9-49A1-850D-F359F4BC5DD5}.Debug|Any CPU.ActiveCfg = Debug|Any CPU
		{A7C99EFE-00B9-49A1-850D-F359F4BC5DD5}.Debug|Any CPU.Build.0 = Debug|Any CPU
		{A7C99EFE-00B9-49A1-850D-F359F4BC5DD5}.Release|Any CPU.ActiveCfg = Release|Any CPU
		{A7C99EFE-00B9-49A1-850D-F359F4BC5DD5}.Release|Any CPU.Build.0 = Release|Any CPU
	EndGlobalSection
	GlobalSection(SolutionProperties) = preSolution
		HideSolutionNode = FALSE
	EndGlobalSection
	GlobalSection(ExtensibilityGlobals) = postSolution
		SolutionGuid = {1103820E-6B04-46F4-AC93-4B43D0B56539}
	EndGlobalSection
EndGlobal
